
Microsoft Visual Studio Solution File, Format Version 12.00
# Visual Studio 2013
VisualStudioVersion = 12.0.30723.0
MinimumVisualStudioVersion = 10.0.40219.1
Project("{FAE04EC0-301F-11D3-BF4B-00C04F79EFBC}") = "MDF201603", "MDF201603\MDF201603.csproj", "{6A46409A-FFC9-427B-88AF-84203CC6B794}"
EndProject
Project("{FAE04EC0-301F-11D3-BF4B-00C04F79EFBC}") = "MDF201603.Tests", "MDF201603.Tests\MDF201603.Tests.csproj", "{16AF6B69-6AF6-4F37-9D64-058CC1768189}"
EndProject
Global
	GlobalSection(SolutionConfigurationPlatforms) = preSolution
		Debug|Any CPU = Debug|Any CPU
		Release|Any CPU = Release|Any CPU
	EndGlobalSection
	GlobalSection(ProjectConfigurationPlatforms) = postSolution
		{6A46409A-FFC9-427B-88AF-84203CC6B794}.Debug|Any CPU.ActiveCfg = Debug|Any CPU
		{6A46409A-FFC9-427B-88AF-84203CC6B794}.Debug|Any CPU.Build.0 = Debug|Any CPU
		{6A46409A-FFC9-427B-88AF-84203CC6B794}.Release|Any CPU.ActiveCfg = Release|Any CPU
		{6A46409A-FFC9-427B-88AF-84203CC6B794}.Release|Any CPU.Build.0 = Release|Any CPU
		{16AF6B69-6AF6-4F37-9D64-058CC1768189}.Debug|Any CPU.ActiveCfg = Debug|Any CPU
		{16AF6B69-6AF6-4F37-9D64-058CC1768189}.Debug|Any CPU.Build.0 = Debug|Any CPU
		{16AF6B69-6AF6-4F37-9D64-058CC1768189}.Release|Any CPU.ActiveCfg = Release|Any CPU
		{16AF6B69-6AF6-4F37-9D64-058CC1768189}.Release|Any CPU.Build.0 = Release|Any CPU
	EndGlobalSection
	GlobalSection(SolutionProperties) = preSolution
		HideSolutionNode = FALSE
	EndGlobalSection
EndGlobal
